// !$*UTF8*$!
{
	archiveVersion = 1;
	classes = {
	};
	objectVersion = 48;
	objects = {

/* Begin PBXBuildFile section */
		CE0B9E6A206851C8003FF190 /* EventViewController.swift in Sources */ = {isa = PBXBuildFile; fileRef = CE0B9E69206851C8003FF190 /* EventViewController.swift */; };
		CE2FBFD61FF0309A00C65C64 /* SheetsViewController.swift in Sources */ = {isa = PBXBuildFile; fileRef = CE2FBFD51FF0309A00C65C64 /* SheetsViewController.swift */; };
		CE9971CE1FD5DB6B00053671 /* Transaction.swift in Sources */ = {isa = PBXBuildFile; fileRef = CE9971CD1FD5DB6B00053671 /* Transaction.swift */; };
		CE9971D01FD5DB9A00053671 /* PQ.swift in Sources */ = {isa = PBXBuildFile; fileRef = CE9971CF1FD5DB9A00053671 /* PQ.swift */; };
		CE9971D21FD5ED8600053671 /* TransactionTests.swift in Sources */ = {isa = PBXBuildFile; fileRef = CE9971D11FD5ED8600053671 /* TransactionTests.swift */; };
		CEBB92AE200EA632003272DC /* Icon-App-57x57@1x.png in Resources */ = {isa = PBXBuildFile; fileRef = CEBB9296200EA632003272DC /* Icon-App-57x57@1x.png */; };
		CEBB92AF200EA632003272DC /* Icon-App-76x76@2x.png in Resources */ = {isa = PBXBuildFile; fileRef = CEBB9297200EA632003272DC /* Icon-App-76x76@2x.png */; };
		CEBB92B0200EA632003272DC /* Icon-App-29x29@1x.png in Resources */ = {isa = PBXBuildFile; fileRef = CEBB9298200EA632003272DC /* Icon-App-29x29@1x.png */; };
		CEBB92B1200EA632003272DC /* Icon-App-60x60@1x.png in Resources */ = {isa = PBXBuildFile; fileRef = CEBB9299200EA632003272DC /* Icon-App-60x60@1x.png */; };
		CEBB92B2200EA632003272DC /* Icon-Small-50x50@2x.png in Resources */ = {isa = PBXBuildFile; fileRef = CEBB929A200EA632003272DC /* Icon-Small-50x50@2x.png */; };
		CEBB92B3200EA632003272DC /* Icon-App-40x40@1x.png in Resources */ = {isa = PBXBuildFile; fileRef = CEBB929B200EA632003272DC /* Icon-App-40x40@1x.png */; };
		CEBB92B4200EA632003272DC /* Icon-App-76x76@3x.png in Resources */ = {isa = PBXBuildFile; fileRef = CEBB929C200EA632003272DC /* Icon-App-76x76@3x.png */; };
		CEBB92B5200EA632003272DC /* Icon-App-72x72@1x.png in Resources */ = {isa = PBXBuildFile; fileRef = CEBB929D200EA632003272DC /* Icon-App-72x72@1x.png */; };
		CEBB92B6200EA632003272DC /* Icon-App-20x20@1x.png in Resources */ = {isa = PBXBuildFile; fileRef = CEBB929E200EA632003272DC /* Icon-App-20x20@1x.png */; };
		CEBB92B7200EA632003272DC /* Icon-App-83.5x83.5@2x.png in Resources */ = {isa = PBXBuildFile; fileRef = CEBB929F200EA632003272DC /* Icon-App-83.5x83.5@2x.png */; };
		CEBB92B8200EA632003272DC /* Icon-App-20x20@3x.png in Resources */ = {isa = PBXBuildFile; fileRef = CEBB92A0200EA632003272DC /* Icon-App-20x20@3x.png */; };
		CEBB92B9200EA632003272DC /* ItunesArtwork@2x.png in Resources */ = {isa = PBXBuildFile; fileRef = CEBB92A1200EA632003272DC /* ItunesArtwork@2x.png */; };
		CEBB92BA200EA632003272DC /* Contents.json in Resources */ = {isa = PBXBuildFile; fileRef = CEBB92A2200EA632003272DC /* Contents.json */; };
		CEBB92BB200EA632003272DC /* Icon-App-20x20@2x.png in Resources */ = {isa = PBXBuildFile; fileRef = CEBB92A3200EA632003272DC /* Icon-App-20x20@2x.png */; };
		CEBB92BC200EA632003272DC /* Icon-App-29x29@3x.png in Resources */ = {isa = PBXBuildFile; fileRef = CEBB92A4200EA632003272DC /* Icon-App-29x29@3x.png */; };
		CEBB92BD200EA632003272DC /* Icon-App-40x40@2x.png in Resources */ = {isa = PBXBuildFile; fileRef = CEBB92A5200EA632003272DC /* Icon-App-40x40@2x.png */; };
		CEBB92BE200EA632003272DC /* Icon-App-72x72@2x.png in Resources */ = {isa = PBXBuildFile; fileRef = CEBB92A6200EA632003272DC /* Icon-App-72x72@2x.png */; };
		CEBB92BF200EA632003272DC /* Icon-App-60x60@3x.png in Resources */ = {isa = PBXBuildFile; fileRef = CEBB92A7200EA632003272DC /* Icon-App-60x60@3x.png */; };
		CEBB92C0200EA632003272DC /* Icon-Small-50x50@1x.png in Resources */ = {isa = PBXBuildFile; fileRef = CEBB92A8200EA632003272DC /* Icon-Small-50x50@1x.png */; };
		CEBB92C1200EA632003272DC /* Icon-App-60x60@2x.png in Resources */ = {isa = PBXBuildFile; fileRef = CEBB92A9200EA632003272DC /* Icon-App-60x60@2x.png */; };
		CEBB92C2200EA632003272DC /* Icon-App-57x57@2x.png in Resources */ = {isa = PBXBuildFile; fileRef = CEBB92AA200EA632003272DC /* Icon-App-57x57@2x.png */; };
		CEBB92C3200EA632003272DC /* Icon-App-76x76@1x.png in Resources */ = {isa = PBXBuildFile; fileRef = CEBB92AB200EA632003272DC /* Icon-App-76x76@1x.png */; };
		CEBB92C4200EA632003272DC /* Icon-App-40x40@3x.png in Resources */ = {isa = PBXBuildFile; fileRef = CEBB92AC200EA632003272DC /* Icon-App-40x40@3x.png */; };
		CEBB92C5200EA632003272DC /* Icon-App-29x29@2x.png in Resources */ = {isa = PBXBuildFile; fileRef = CEBB92AD200EA632003272DC /* Icon-App-29x29@2x.png */; };
		CEBED341206FE9D2008A3904 /* DebtViewController.swift in Sources */ = {isa = PBXBuildFile; fileRef = CEBED340206FE9D2008A3904 /* DebtViewController.swift */; };
		CED9651C1FC5DEA900D00754 /* AppDelegate.swift in Sources */ = {isa = PBXBuildFile; fileRef = CED9651B1FC5DEA900D00754 /* AppDelegate.swift */; };
		CED9651E1FC5DEA900D00754 /* ViewController.swift in Sources */ = {isa = PBXBuildFile; fileRef = CED9651D1FC5DEA900D00754 /* ViewController.swift */; };
		CED965231FC5DEA900D00754 /* Assets.xcassets in Resources */ = {isa = PBXBuildFile; fileRef = CED965221FC5DEA900D00754 /* Assets.xcassets */; };
		CED965261FC5DEA900D00754 /* LaunchScreen.storyboard in Resources */ = {isa = PBXBuildFile; fileRef = CED965241FC5DEA900D00754 /* LaunchScreen.storyboard */; };
		CED965311FC5DEA900D00754 /* SheetTests.swift in Sources */ = {isa = PBXBuildFile; fileRef = CED965301FC5DEA900D00754 /* SheetTests.swift */; };
		CED9653C1FC5DEA900D00754 /* SheetUITests.swift in Sources */ = {isa = PBXBuildFile; fileRef = CED9653B1FC5DEA900D00754 /* SheetUITests.swift */; };
		CED9654A1FC5E09700D00754 /* Model.swift in Sources */ = {isa = PBXBuildFile; fileRef = CED965491FC5E09700D00754 /* Model.swift */; };
		CED9654C1FC60C7900D00754 /* ModelTests.swift in Sources */ = {isa = PBXBuildFile; fileRef = CED9654B1FC60C7900D00754 /* ModelTests.swift */; };
		CED965561FC8896300D00754 /* PaymentViewController.swift in Sources */ = {isa = PBXBuildFile; fileRef = CED965551FC8896300D00754 /* PaymentViewController.swift */; };
/* End PBXBuildFile section */

/* Begin PBXContainerItemProxy section */
		CED9652D1FC5DEA900D00754 /* PBXContainerItemProxy */ = {
			isa = PBXContainerItemProxy;
			containerPortal = CED965101FC5DEA900D00754 /* Project object */;
			proxyType = 1;
			remoteGlobalIDString = CED965171FC5DEA900D00754;
			remoteInfo = Sheet;
		};
		CED965381FC5DEA900D00754 /* PBXContainerItemProxy */ = {
			isa = PBXContainerItemProxy;
			containerPortal = CED965101FC5DEA900D00754 /* Project object */;
			proxyType = 1;
			remoteGlobalIDString = CED965171FC5DEA900D00754;
			remoteInfo = Sheet;
		};
/* End PBXContainerItemProxy section */

/* Begin PBXFileReference section */
		CE0B9E69206851C8003FF190 /* EventViewController.swift */ = {isa = PBXFileReference; lastKnownFileType = sourcecode.swift; path = EventViewController.swift; sourceTree = "<group>"; };
		CE2FBFD51FF0309A00C65C64 /* SheetsViewController.swift */ = {isa = PBXFileReference; lastKnownFileType = sourcecode.swift; path = SheetsViewController.swift; sourceTree = "<group>"; };
		CE9971CD1FD5DB6B00053671 /* Transaction.swift */ = {isa = PBXFileReference; lastKnownFileType = sourcecode.swift; path = Transaction.swift; sourceTree = "<group>"; };
		CE9971CF1FD5DB9A00053671 /* PQ.swift */ = {isa = PBXFileReference; lastKnownFileType = sourcecode.swift; path = PQ.swift; sourceTree = "<group>"; };
		CE9971D11FD5ED8600053671 /* TransactionTests.swift */ = {isa = PBXFileReference; lastKnownFileType = sourcecode.swift; path = TransactionTests.swift; sourceTree = "<group>"; };
		CEBB9296200EA632003272DC /* Icon-App-57x57@1x.png */ = {isa = PBXFileReference; lastKnownFileType = image.png; path = "Icon-App-57x57@1x.png"; sourceTree = "<group>"; };
		CEBB9297200EA632003272DC /* Icon-App-76x76@2x.png */ = {isa = PBXFileReference; lastKnownFileType = image.png; path = "Icon-App-76x76@2x.png"; sourceTree = "<group>"; };
		CEBB9298200EA632003272DC /* Icon-App-29x29@1x.png */ = {isa = PBXFileReference; lastKnownFileType = image.png; path = "Icon-App-29x29@1x.png"; sourceTree = "<group>"; };
		CEBB9299200EA632003272DC /* Icon-App-60x60@1x.png */ = {isa = PBXFileReference; lastKnownFileType = image.png; path = "Icon-App-60x60@1x.png"; sourceTree = "<group>"; };
		CEBB929A200EA632003272DC /* Icon-Small-50x50@2x.png */ = {isa = PBXFileReference; lastKnownFileType = image.png; path = "Icon-Small-50x50@2x.png"; sourceTree = "<group>"; };
		CEBB929B200EA632003272DC /* Icon-App-40x40@1x.png */ = {isa = PBXFileReference; lastKnownFileType = image.png; path = "Icon-App-40x40@1x.png"; sourceTree = "<group>"; };
		CEBB929C200EA632003272DC /* Icon-App-76x76@3x.png */ = {isa = PBXFileReference; lastKnownFileType = image.png; path = "Icon-App-76x76@3x.png"; sourceTree = "<group>"; };
		CEBB929D200EA632003272DC /* Icon-App-72x72@1x.png */ = {isa = PBXFileReference; lastKnownFileType = image.png; path = "Icon-App-72x72@1x.png"; sourceTree = "<group>"; };
		CEBB929E200EA632003272DC /* Icon-App-20x20@1x.png */ = {isa = PBXFileReference; lastKnownFileType = image.png; path = "Icon-App-20x20@1x.png"; sourceTree = "<group>"; };
		CEBB929F200EA632003272DC /* Icon-App-83.5x83.5@2x.png */ = {isa = PBXFileReference; lastKnownFileType = image.png; path = "Icon-App-83.5x83.5@2x.png"; sourceTree = "<group>"; };
		CEBB92A0200EA632003272DC /* Icon-App-20x20@3x.png */ = {isa = PBXFileReference; lastKnownFileType = image.png; path = "Icon-App-20x20@3x.png"; sourceTree = "<group>"; };
		CEBB92A1200EA632003272DC /* ItunesArtwork@2x.png */ = {isa = PBXFileReference; lastKnownFileType = image.png; path = "ItunesArtwork@2x.png"; sourceTree = "<group>"; };
		CEBB92A2200EA632003272DC /* Contents.json */ = {isa = PBXFileReference; fileEncoding = 4; lastKnownFileType = text.json; path = Contents.json; sourceTree = "<group>"; };
		CEBB92A3200EA632003272DC /* Icon-App-20x20@2x.png */ = {isa = PBXFileReference; lastKnownFileType = image.png; path = "Icon-App-20x20@2x.png"; sourceTree = "<group>"; };
		CEBB92A4200EA632003272DC /* Icon-App-29x29@3x.png */ = {isa = PBXFileReference; lastKnownFileType = image.png; path = "Icon-App-29x29@3x.png"; sourceTree = "<group>"; };
		CEBB92A5200EA632003272DC /* Icon-App-40x40@2x.png */ = {isa = PBXFileReference; lastKnownFileType = image.png; path = "Icon-App-40x40@2x.png"; sourceTree = "<group>"; };
		CEBB92A6200EA632003272DC /* Icon-App-72x72@2x.png */ = {isa = PBXFileReference; lastKnownFileType = image.png; path = "Icon-App-72x72@2x.png"; sourceTree = "<group>"; };
		CEBB92A7200EA632003272DC /* Icon-App-60x60@3x.png */ = {isa = PBXFileReference; lastKnownFileType = image.png; path = "Icon-App-60x60@3x.png"; sourceTree = "<group>"; };
		CEBB92A8200EA632003272DC /* Icon-Small-50x50@1x.png */ = {isa = PBXFileReference; lastKnownFileType = image.png; path = "Icon-Small-50x50@1x.png"; sourceTree = "<group>"; };
		CEBB92A9200EA632003272DC /* Icon-App-60x60@2x.png */ = {isa = PBXFileReference; lastKnownFileType = image.png; path = "Icon-App-60x60@2x.png"; sourceTree = "<group>"; };
		CEBB92AA200EA632003272DC /* Icon-App-57x57@2x.png */ = {isa = PBXFileReference; lastKnownFileType = image.png; path = "Icon-App-57x57@2x.png"; sourceTree = "<group>"; };
		CEBB92AB200EA632003272DC /* Icon-App-76x76@1x.png */ = {isa = PBXFileReference; lastKnownFileType = image.png; path = "Icon-App-76x76@1x.png"; sourceTree = "<group>"; };
		CEBB92AC200EA632003272DC /* Icon-App-40x40@3x.png */ = {isa = PBXFileReference; lastKnownFileType = image.png; path = "Icon-App-40x40@3x.png"; sourceTree = "<group>"; };
		CEBB92AD200EA632003272DC /* Icon-App-29x29@2x.png */ = {isa = PBXFileReference; lastKnownFileType = image.png; path = "Icon-App-29x29@2x.png"; sourceTree = "<group>"; };
		CEBED340206FE9D2008A3904 /* DebtViewController.swift */ = {isa = PBXFileReference; lastKnownFileType = sourcecode.swift; path = DebtViewController.swift; sourceTree = "<group>"; };
		CED965181FC5DEA900D00754 /* Sheet.app */ = {isa = PBXFileReference; explicitFileType = wrapper.application; includeInIndex = 0; path = Sheet.app; sourceTree = BUILT_PRODUCTS_DIR; };
		CED9651B1FC5DEA900D00754 /* AppDelegate.swift */ = {isa = PBXFileReference; lastKnownFileType = sourcecode.swift; path = AppDelegate.swift; sourceTree = "<group>"; };
		CED9651D1FC5DEA900D00754 /* ViewController.swift */ = {isa = PBXFileReference; lastKnownFileType = sourcecode.swift; path = ViewController.swift; sourceTree = "<group>"; };
		CED965221FC5DEA900D00754 /* Assets.xcassets */ = {isa = PBXFileReference; lastKnownFileType = folder.assetcatalog; path = Assets.xcassets; sourceTree = "<group>"; };
		CED965251FC5DEA900D00754 /* Base */ = {isa = PBXFileReference; lastKnownFileType = file.storyboard; name = Base; path = Base.lproj/LaunchScreen.storyboard; sourceTree = "<group>"; };
		CED965271FC5DEA900D00754 /* Info.plist */ = {isa = PBXFileReference; lastKnownFileType = text.plist.xml; path = Info.plist; sourceTree = "<group>"; };
		CED9652C1FC5DEA900D00754 /* SheetTests.xctest */ = {isa = PBXFileReference; explicitFileType = wrapper.cfbundle; includeInIndex = 0; path = SheetTests.xctest; sourceTree = BUILT_PRODUCTS_DIR; };
		CED965301FC5DEA900D00754 /* SheetTests.swift */ = {isa = PBXFileReference; lastKnownFileType = sourcecode.swift; path = SheetTests.swift; sourceTree = "<group>"; };
		CED965321FC5DEA900D00754 /* Info.plist */ = {isa = PBXFileReference; lastKnownFileType = text.plist.xml; path = Info.plist; sourceTree = "<group>"; };
		CED965371FC5DEA900D00754 /* SheetUITests.xctest */ = {isa = PBXFileReference; explicitFileType = wrapper.cfbundle; includeInIndex = 0; path = SheetUITests.xctest; sourceTree = BUILT_PRODUCTS_DIR; };
		CED9653B1FC5DEA900D00754 /* SheetUITests.swift */ = {isa = PBXFileReference; lastKnownFileType = sourcecode.swift; path = SheetUITests.swift; sourceTree = "<group>"; };
		CED9653D1FC5DEA900D00754 /* Info.plist */ = {isa = PBXFileReference; lastKnownFileType = text.plist.xml; path = Info.plist; sourceTree = "<group>"; };
		CED965491FC5E09700D00754 /* Model.swift */ = {isa = PBXFileReference; lastKnownFileType = sourcecode.swift; path = Model.swift; sourceTree = "<group>"; };
		CED9654B1FC60C7900D00754 /* ModelTests.swift */ = {isa = PBXFileReference; lastKnownFileType = sourcecode.swift; path = ModelTests.swift; sourceTree = "<group>"; };
		CED965551FC8896300D00754 /* PaymentViewController.swift */ = {isa = PBXFileReference; lastKnownFileType = sourcecode.swift; path = PaymentViewController.swift; sourceTree = "<group>"; };
/* End PBXFileReference section */

/* Begin PBXFrameworksBuildPhase section */
		CED965151FC5DEA900D00754 /* Frameworks */ = {
			isa = PBXFrameworksBuildPhase;
			buildActionMask = 2147483647;
			files = (
			);
			runOnlyForDeploymentPostprocessing = 0;
		};
		CED965291FC5DEA900D00754 /* Frameworks */ = {
			isa = PBXFrameworksBuildPhase;
			buildActionMask = 2147483647;
			files = (
			);
			runOnlyForDeploymentPostprocessing = 0;
		};
		CED965341FC5DEA900D00754 /* Frameworks */ = {
			isa = PBXFrameworksBuildPhase;
			buildActionMask = 2147483647;
			files = (
			);
			runOnlyForDeploymentPostprocessing = 0;
		};
/* End PBXFrameworksBuildPhase section */

/* Begin PBXGroup section */
		CEBB9295200EA632003272DC /* AppIcon.appiconset */ = {
			isa = PBXGroup;
			children = (
				CEBB9296200EA632003272DC /* Icon-App-57x57@1x.png */,
				CEBB9297200EA632003272DC /* Icon-App-76x76@2x.png */,
				CEBB9298200EA632003272DC /* Icon-App-29x29@1x.png */,
				CEBB9299200EA632003272DC /* Icon-App-60x60@1x.png */,
				CEBB929A200EA632003272DC /* Icon-Small-50x50@2x.png */,
				CEBB929B200EA632003272DC /* Icon-App-40x40@1x.png */,
				CEBB929C200EA632003272DC /* Icon-App-76x76@3x.png */,
				CEBB929D200EA632003272DC /* Icon-App-72x72@1x.png */,
				CEBB929E200EA632003272DC /* Icon-App-20x20@1x.png */,
				CEBB929F200EA632003272DC /* Icon-App-83.5x83.5@2x.png */,
				CEBB92A0200EA632003272DC /* Icon-App-20x20@3x.png */,
				CEBB92A1200EA632003272DC /* ItunesArtwork@2x.png */,
				CEBB92A2200EA632003272DC /* Contents.json */,
				CEBB92A3200EA632003272DC /* Icon-App-20x20@2x.png */,
				CEBB92A4200EA632003272DC /* Icon-App-29x29@3x.png */,
				CEBB92A5200EA632003272DC /* Icon-App-40x40@2x.png */,
				CEBB92A6200EA632003272DC /* Icon-App-72x72@2x.png */,
				CEBB92A7200EA632003272DC /* Icon-App-60x60@3x.png */,
				CEBB92A8200EA632003272DC /* Icon-Small-50x50@1x.png */,
				CEBB92A9200EA632003272DC /* Icon-App-60x60@2x.png */,
				CEBB92AA200EA632003272DC /* Icon-App-57x57@2x.png */,
				CEBB92AB200EA632003272DC /* Icon-App-76x76@1x.png */,
				CEBB92AC200EA632003272DC /* Icon-App-40x40@3x.png */,
				CEBB92AD200EA632003272DC /* Icon-App-29x29@2x.png */,
			);
			path = AppIcon.appiconset;
			sourceTree = "<group>";
		};
		CED9650F1FC5DEA900D00754 = {
			isa = PBXGroup;
			children = (
				CED9651A1FC5DEA900D00754 /* Sheet */,
				CED9652F1FC5DEA900D00754 /* SheetTests */,
				CED9653A1FC5DEA900D00754 /* SheetUITests */,
				CED965191FC5DEA900D00754 /* Products */,
			);
			sourceTree = "<group>";
		};
		CED965191FC5DEA900D00754 /* Products */ = {
			isa = PBXGroup;
			children = (
				CED965181FC5DEA900D00754 /* Sheet.app */,
				CED9652C1FC5DEA900D00754 /* SheetTests.xctest */,
				CED965371FC5DEA900D00754 /* SheetUITests.xctest */,
			);
			name = Products;
			sourceTree = "<group>";
		};
		CED9651A1FC5DEA900D00754 /* Sheet */ = {
			isa = PBXGroup;
			children = (
				CEBB9295200EA632003272DC /* AppIcon.appiconset */,
				CE0B9E69206851C8003FF190 /* EventViewController.swift */,
				CED9651D1FC5DEA900D00754 /* ViewController.swift */,
				CED965551FC8896300D00754 /* PaymentViewController.swift */,
				CE2FBFD51FF0309A00C65C64 /* SheetsViewController.swift */,
				CEBED340206FE9D2008A3904 /* DebtViewController.swift */,
				CED965491FC5E09700D00754 /* Model.swift */,
				CE9971CD1FD5DB6B00053671 /* Transaction.swift */,
				CE9971CF1FD5DB9A00053671 /* PQ.swift */,
				CED9651B1FC5DEA900D00754 /* AppDelegate.swift */,
				CED965221FC5DEA900D00754 /* Assets.xcassets */,
				CED965241FC5DEA900D00754 /* LaunchScreen.storyboard */,
				CED965271FC5DEA900D00754 /* Info.plist */,
			);
			path = Sheet;
			sourceTree = "<group>";
		};
		CED9652F1FC5DEA900D00754 /* SheetTests */ = {
			isa = PBXGroup;
			children = (
				CED965301FC5DEA900D00754 /* SheetTests.swift */,
				CE9971D11FD5ED8600053671 /* TransactionTests.swift */,
				CED9654B1FC60C7900D00754 /* ModelTests.swift */,
				CED965321FC5DEA900D00754 /* Info.plist */,
			);
			path = SheetTests;
			sourceTree = "<group>";
		};
		CED9653A1FC5DEA900D00754 /* SheetUITests */ = {
			isa = PBXGroup;
			children = (
				CED9653B1FC5DEA900D00754 /* SheetUITests.swift */,
				CED9653D1FC5DEA900D00754 /* Info.plist */,
			);
			path = SheetUITests;
			sourceTree = "<group>";
		};
/* End PBXGroup section */

/* Begin PBXNativeTarget section */
		CED965171FC5DEA900D00754 /* Sheet */ = {
			isa = PBXNativeTarget;
			buildConfigurationList = CED965401FC5DEA900D00754 /* Build configuration list for PBXNativeTarget "Sheet" */;
			buildPhases = (
				CED965141FC5DEA900D00754 /* Sources */,
				CED965151FC5DEA900D00754 /* Frameworks */,
				CED965161FC5DEA900D00754 /* Resources */,
			);
			buildRules = (
			);
			dependencies = (
			);
			name = Sheet;
			productName = Sheet;
			productReference = CED965181FC5DEA900D00754 /* Sheet.app */;
			productType = "com.apple.product-type.application";
		};
		CED9652B1FC5DEA900D00754 /* SheetTests */ = {
			isa = PBXNativeTarget;
			buildConfigurationList = CED965431FC5DEA900D00754 /* Build configuration list for PBXNativeTarget "SheetTests" */;
			buildPhases = (
				CED965281FC5DEA900D00754 /* Sources */,
				CED965291FC5DEA900D00754 /* Frameworks */,
				CED9652A1FC5DEA900D00754 /* Resources */,
			);
			buildRules = (
			);
			dependencies = (
				CED9652E1FC5DEA900D00754 /* PBXTargetDependency */,
			);
			name = SheetTests;
			productName = SheetTests;
			productReference = CED9652C1FC5DEA900D00754 /* SheetTests.xctest */;
			productType = "com.apple.product-type.bundle.unit-test";
		};
		CED965361FC5DEA900D00754 /* SheetUITests */ = {
			isa = PBXNativeTarget;
			buildConfigurationList = CED965461FC5DEA900D00754 /* Build configuration list for PBXNativeTarget "SheetUITests" */;
			buildPhases = (
				CED965331FC5DEA900D00754 /* Sources */,
				CED965341FC5DEA900D00754 /* Frameworks */,
				CED965351FC5DEA900D00754 /* Resources */,
			);
			buildRules = (
			);
			dependencies = (
				CED965391FC5DEA900D00754 /* PBXTargetDependency */,
			);
			name = SheetUITests;
			productName = SheetUITests;
			productReference = CED965371FC5DEA900D00754 /* SheetUITests.xctest */;
			productType = "com.apple.product-type.bundle.ui-testing";
		};
/* End PBXNativeTarget section */

/* Begin PBXProject section */
		CED965101FC5DEA900D00754 /* Project object */ = {
			isa = PBXProject;
			attributes = {
				LastSwiftUpdateCheck = 0910;
				LastUpgradeCheck = 0910;
				ORGANIZATIONNAME = "Applause Code";
				TargetAttributes = {
					CED965171FC5DEA900D00754 = {
						CreatedOnToolsVersion = 9.1;
						ProvisioningStyle = Automatic;
					};
					CED9652B1FC5DEA900D00754 = {
						CreatedOnToolsVersion = 9.1;
						ProvisioningStyle = Automatic;
						TestTargetID = CED965171FC5DEA900D00754;
					};
					CED965361FC5DEA900D00754 = {
						CreatedOnToolsVersion = 9.1;
						ProvisioningStyle = Automatic;
						TestTargetID = CED965171FC5DEA900D00754;
					};
				};
			};
			buildConfigurationList = CED965131FC5DEA900D00754 /* Build configuration list for PBXProject "Sheet" */;
			compatibilityVersion = "Xcode 8.0";
			developmentRegion = en;
			hasScannedForEncodings = 0;
			knownRegions = (
				en,
				Base,
			);
			mainGroup = CED9650F1FC5DEA900D00754;
			productRefGroup = CED965191FC5DEA900D00754 /* Products */;
			projectDirPath = "";
			projectRoot = "";
			targets = (
				CED965171FC5DEA900D00754 /* Sheet */,
				CED9652B1FC5DEA900D00754 /* SheetTests */,
				CED965361FC5DEA900D00754 /* SheetUITests */,
			);
		};
/* End PBXProject section */

/* Begin PBXResourcesBuildPhase section */
		CED965161FC5DEA900D00754 /* Resources */ = {
			isa = PBXResourcesBuildPhase;
			buildActionMask = 2147483647;
			files = (
				CED965261FC5DEA900D00754 /* LaunchScreen.storyboard in Resources */,
				CEBB92AE200EA632003272DC /* Icon-App-57x57@1x.png in Resources */,
				CEBB92B2200EA632003272DC /* Icon-Small-50x50@2x.png in Resources */,
				CEBB92BA200EA632003272DC /* Contents.json in Resources */,
				CEBB92B1200EA632003272DC /* Icon-App-60x60@1x.png in Resources */,
				CEBB92AF200EA632003272DC /* Icon-App-76x76@2x.png in Resources */,
				CEBB92C1200EA632003272DC /* Icon-App-60x60@2x.png in Resources */,
				CEBB92C3200EA632003272DC /* Icon-App-76x76@1x.png in Resources */,
				CEBB92B6200EA632003272DC /* Icon-App-20x20@1x.png in Resources */,
				CED965231FC5DEA900D00754 /* Assets.xcassets in Resources */,
				CEBB92B3200EA632003272DC /* Icon-App-40x40@1x.png in Resources */,
				CEBB92B7200EA632003272DC /* Icon-App-83.5x83.5@2x.png in Resources */,
				CEBB92B8200EA632003272DC /* Icon-App-20x20@3x.png in Resources */,
				CEBB92B4200EA632003272DC /* Icon-App-76x76@3x.png in Resources */,
				CEBB92BE200EA632003272DC /* Icon-App-72x72@2x.png in Resources */,
				CEBB92C4200EA632003272DC /* Icon-App-40x40@3x.png in Resources */,
				CEBB92C2200EA632003272DC /* Icon-App-57x57@2x.png in Resources */,
				CEBB92C5200EA632003272DC /* Icon-App-29x29@2x.png in Resources */,
				CEBB92BB200EA632003272DC /* Icon-App-20x20@2x.png in Resources */,
				CEBB92B5200EA632003272DC /* Icon-App-72x72@1x.png in Resources */,
				CEBB92BD200EA632003272DC /* Icon-App-40x40@2x.png in Resources */,
				CEBB92B0200EA632003272DC /* Icon-App-29x29@1x.png in Resources */,
				CEBB92BF200EA632003272DC /* Icon-App-60x60@3x.png in Resources */,
				CEBB92C0200EA632003272DC /* Icon-Small-50x50@1x.png in Resources */,
				CEBB92B9200EA632003272DC /* ItunesArtwork@2x.png in Resources */,
				CEBB92BC200EA632003272DC /* Icon-App-29x29@3x.png in Resources */,
			);
			runOnlyForDeploymentPostprocessing = 0;
		};
		CED9652A1FC5DEA900D00754 /* Resources */ = {
			isa = PBXResourcesBuildPhase;
			buildActionMask = 2147483647;
			files = (
			);
			runOnlyForDeploymentPostprocessing = 0;
		};
		CED965351FC5DEA900D00754 /* Resources */ = {
			isa = PBXResourcesBuildPhase;
			buildActionMask = 2147483647;
			files = (
			);
			runOnlyForDeploymentPostprocessing = 0;
		};
/* End PBXResourcesBuildPhase section */

/* Begin PBXSourcesBuildPhase section */
		CED965141FC5DEA900D00754 /* Sources */ = {
			isa = PBXSourcesBuildPhase;
			buildActionMask = 2147483647;
			files = (
				CEBED341206FE9D2008A3904 /* DebtViewController.swift in Sources */,
				CE9971CE1FD5DB6B00053671 /* Transaction.swift in Sources */,
				CE2FBFD61FF0309A00C65C64 /* SheetsViewController.swift in Sources */,
				CED9654A1FC5E09700D00754 /* Model.swift in Sources */,
				CED965561FC8896300D00754 /* PaymentViewController.swift in Sources */,
				CED9651E1FC5DEA900D00754 /* ViewController.swift in Sources */,
				CE0B9E6A206851C8003FF190 /* EventViewController.swift in Sources */,
				CE9971D01FD5DB9A00053671 /* PQ.swift in Sources */,
				CED9651C1FC5DEA900D00754 /* AppDelegate.swift in Sources */,
			);
			runOnlyForDeploymentPostprocessing = 0;
		};
		CED965281FC5DEA900D00754 /* Sources */ = {
			isa = PBXSourcesBuildPhase;
			buildActionMask = 2147483647;
			files = (
				CED965311FC5DEA900D00754 /* SheetTests.swift in Sources */,
				CE9971D21FD5ED8600053671 /* TransactionTests.swift in Sources */,
				CED9654C1FC60C7900D00754 /* ModelTests.swift in Sources */,
			);
			runOnlyForDeploymentPostprocessing = 0;
		};
		CED965331FC5DEA900D00754 /* Sources */ = {
			isa = PBXSourcesBuildPhase;
			buildActionMask = 2147483647;
			files = (
				CED9653C1FC5DEA900D00754 /* SheetUITests.swift in Sources */,
			);
			runOnlyForDeploymentPostprocessing = 0;
		};
/* End PBXSourcesBuildPhase section */

/* Begin PBXTargetDependency section */
		CED9652E1FC5DEA900D00754 /* PBXTargetDependency */ = {
			isa = PBXTargetDependency;
			target = CED965171FC5DEA900D00754 /* Sheet */;
			targetProxy = CED9652D1FC5DEA900D00754 /* PBXContainerItemProxy */;
		};
		CED965391FC5DEA900D00754 /* PBXTargetDependency */ = {
			isa = PBXTargetDependency;
			target = CED965171FC5DEA900D00754 /* Sheet */;
			targetProxy = CED965381FC5DEA900D00754 /* PBXContainerItemProxy */;
		};
/* End PBXTargetDependency section */

/* Begin PBXVariantGroup section */
		CED965241FC5DEA900D00754 /* LaunchScreen.storyboard */ = {
			isa = PBXVariantGroup;
			children = (
				CED965251FC5DEA900D00754 /* Base */,
			);
			name = LaunchScreen.storyboard;
			sourceTree = "<group>";
		};
/* End PBXVariantGroup section */

/* Begin XCBuildConfiguration section */
		CED9653E1FC5DEA900D00754 /* Debug */ = {
			isa = XCBuildConfiguration;
			buildSettings = {
				ALWAYS_SEARCH_USER_PATHS = NO;
				CLANG_ANALYZER_NONNULL = YES;
				CLANG_ANALYZER_NUMBER_OBJECT_CONVERSION = YES_AGGRESSIVE;
				CLANG_CXX_LANGUAGE_STANDARD = "gnu++14";
				CLANG_CXX_LIBRARY = "libc++";
				CLANG_ENABLE_MODULES = YES;
				CLANG_ENABLE_OBJC_ARC = YES;
				CLANG_WARN_BLOCK_CAPTURE_AUTORELEASING = YES;
				CLANG_WARN_BOOL_CONVERSION = YES;
				CLANG_WARN_COMMA = YES;
				CLANG_WARN_CONSTANT_CONVERSION = YES;
				CLANG_WARN_DIRECT_OBJC_ISA_USAGE = YES_ERROR;
				CLANG_WARN_DOCUMENTATION_COMMENTS = YES;
				CLANG_WARN_EMPTY_BODY = YES;
				CLANG_WARN_ENUM_CONVERSION = YES;
				CLANG_WARN_INFINITE_RECURSION = YES;
				CLANG_WARN_INT_CONVERSION = YES;
				CLANG_WARN_NON_LITERAL_NULL_CONVERSION = YES;
				CLANG_WARN_OBJC_LITERAL_CONVERSION = YES;
				CLANG_WARN_OBJC_ROOT_CLASS = YES_ERROR;
				CLANG_WARN_RANGE_LOOP_ANALYSIS = YES;
				CLANG_WARN_STRICT_PROTOTYPES = YES;
				CLANG_WARN_SUSPICIOUS_MOVE = YES;
				CLANG_WARN_UNGUARDED_AVAILABILITY = YES_AGGRESSIVE;
				CLANG_WARN_UNREACHABLE_CODE = YES;
				CLANG_WARN__DUPLICATE_METHOD_MATCH = YES;
				CODE_SIGN_IDENTITY = "iPhone Developer";
				COPY_PHASE_STRIP = NO;
				DEBUG_INFORMATION_FORMAT = dwarf;
				ENABLE_STRICT_OBJC_MSGSEND = YES;
				ENABLE_TESTABILITY = YES;
				GCC_C_LANGUAGE_STANDARD = gnu11;
				GCC_DYNAMIC_NO_PIC = NO;
				GCC_NO_COMMON_BLOCKS = YES;
				GCC_OPTIMIZATION_LEVEL = 0;
				GCC_PREPROCESSOR_DEFINITIONS = (
					"DEBUG=1",
					"$(inherited)",
				);
				GCC_WARN_64_TO_32_BIT_CONVERSION = YES;
				GCC_WARN_ABOUT_RETURN_TYPE = YES_ERROR;
				GCC_WARN_UNDECLARED_SELECTOR = YES;
				GCC_WARN_UNINITIALIZED_AUTOS = YES_AGGRESSIVE;
				GCC_WARN_UNUSED_FUNCTION = YES;
				GCC_WARN_UNUSED_VARIABLE = YES;
				IPHONEOS_DEPLOYMENT_TARGET = 11.1;
				MTL_ENABLE_DEBUG_INFO = YES;
				ONLY_ACTIVE_ARCH = YES;
				SDKROOT = iphoneos;
				SWIFT_ACTIVE_COMPILATION_CONDITIONS = DEBUG;
				SWIFT_OPTIMIZATION_LEVEL = "-Onone";
			};
			name = Debug;
		};
		CED9653F1FC5DEA900D00754 /* Release */ = {
			isa = XCBuildConfiguration;
			buildSettings = {
				ALWAYS_SEARCH_USER_PATHS = NO;
				CLANG_ANALYZER_NONNULL = YES;
				CLANG_ANALYZER_NUMBER_OBJECT_CONVERSION = YES_AGGRESSIVE;
				CLANG_CXX_LANGUAGE_STANDARD = "gnu++14";
				CLANG_CXX_LIBRARY = "libc++";
				CLANG_ENABLE_MODULES = YES;
				CLANG_ENABLE_OBJC_ARC = YES;
				CLANG_WARN_BLOCK_CAPTURE_AUTORELEASING = YES;
				CLANG_WARN_BOOL_CONVERSION = YES;
				CLANG_WARN_COMMA = YES;
				CLANG_WARN_CONSTANT_CONVERSION = YES;
				CLANG_WARN_DIRECT_OBJC_ISA_USAGE = YES_ERROR;
				CLANG_WARN_DOCUMENTATION_COMMENTS = YES;
				CLANG_WARN_EMPTY_BODY = YES;
				CLANG_WARN_ENUM_CONVERSION = YES;
				CLANG_WARN_INFINITE_RECURSION = YES;
				CLANG_WARN_INT_CONVERSION = YES;
				CLANG_WARN_NON_LITERAL_NULL_CONVERSION = YES;
				CLANG_WARN_OBJC_LITERAL_CONVERSION = YES;
				CLANG_WARN_OBJC_ROOT_CLASS = YES_ERROR;
				CLANG_WARN_RANGE_LOOP_ANALYSIS = YES;
				CLANG_WARN_STRICT_PROTOTYPES = YES;
				CLANG_WARN_SUSPICIOUS_MOVE = YES;
				CLANG_WARN_UNGUARDED_AVAILABILITY = YES_AGGRESSIVE;
				CLANG_WARN_UNREACHABLE_CODE = YES;
				CLANG_WARN__DUPLICATE_METHOD_MATCH = YES;
				CODE_SIGN_IDENTITY = "iPhone Developer";
				COPY_PHASE_STRIP = NO;
				DEBUG_INFORMATION_FORMAT = "dwarf-with-dsym";
				ENABLE_NS_ASSERTIONS = NO;
				ENABLE_STRICT_OBJC_MSGSEND = YES;
				GCC_C_LANGUAGE_STANDARD = gnu11;
				GCC_NO_COMMON_BLOCKS = YES;
				GCC_WARN_64_TO_32_BIT_CONVERSION = YES;
				GCC_WARN_ABOUT_RETURN_TYPE = YES_ERROR;
				GCC_WARN_UNDECLARED_SELECTOR = YES;
				GCC_WARN_UNINITIALIZED_AUTOS = YES_AGGRESSIVE;
				GCC_WARN_UNUSED_FUNCTION = YES;
				GCC_WARN_UNUSED_VARIABLE = YES;
				IPHONEOS_DEPLOYMENT_TARGET = 11.1;
				MTL_ENABLE_DEBUG_INFO = NO;
				SDKROOT = iphoneos;
				SWIFT_OPTIMIZATION_LEVEL = "-Owholemodule";
				VALIDATE_PRODUCT = YES;
			};
			name = Release;
		};
		CED965411FC5DEA900D00754 /* Debug */ = {
			isa = XCBuildConfiguration;
			buildSettings = {
				ASSETCATALOG_COMPILER_APPICON_NAME = AppIcon;
				CODE_SIGN_STYLE = Automatic;
				DEVELOPMENT_TEAM = SUX7SSB633;
				INFOPLIST_FILE = Sheet/Info.plist;
				LD_RUNPATH_SEARCH_PATHS = "$(inherited) @executable_path/Frameworks";
				PRODUCT_BUNDLE_IDENTIFIER = ApplauseCode.Sheet;
				PRODUCT_NAME = "$(TARGET_NAME)";
				SWIFT_VERSION = 4.0;
				TARGETED_DEVICE_FAMILY = "1,2";
			};
			name = Debug;
		};
		CED965421FC5DEA900D00754 /* Release */ = {
			isa = XCBuildConfiguration;
			buildSettings = {
				ASSETCATALOG_COMPILER_APPICON_NAME = AppIcon;
				CODE_SIGN_STYLE = Automatic;
				DEVELOPMENT_TEAM = SUX7SSB633;
				INFOPLIST_FILE = Sheet/Info.plist;
				LD_RUNPATH_SEARCH_PATHS = "$(inherited) @executable_path/Frameworks";
				PRODUCT_BUNDLE_IDENTIFIER = ApplauseCode.Sheet;
				PRODUCT_NAME = "$(TARGET_NAME)";
				SWIFT_VERSION = 4.0;
				TARGETED_DEVICE_FAMILY = "1,2";
			};
			name = Release;
		};
		CED965441FC5DEA900D00754 /* Debug */ = {
			isa = XCBuildConfiguration;
			buildSettings = {
				ALWAYS_EMBED_SWIFT_STANDARD_LIBRARIES = YES;
				BUNDLE_LOADER = "$(TEST_HOST)";
				CODE_SIGN_STYLE = Automatic;
				INFOPLIST_FILE = SheetTests/Info.plist;
				LD_RUNPATH_SEARCH_PATHS = "$(inherited) @executable_path/Frameworks @loader_path/Frameworks";
				PRODUCT_BUNDLE_IDENTIFIER = ApplauseCode.SheetTests;
				PRODUCT_NAME = "$(TARGET_NAME)";
				SWIFT_VERSION = 4.0;
				TARGETED_DEVICE_FAMILY = "1,2";
				TEST_HOST = "$(BUILT_PRODUCTS_DIR)/Sheet.app/Sheet";
			};
			name = Debug;
		};
		CED965451FC5DEA900D00754 /* Release */ = {
			isa = XCBuildConfiguration;
			buildSettings = {
				ALWAYS_EMBED_SWIFT_STANDARD_LIBRARIES = YES;
				BUNDLE_LOADER = "$(TEST_HOST)";
				CODE_SIGN_STYLE = Automatic;
				INFOPLIST_FILE = SheetTests/Info.plist;
				LD_RUNPATH_SEARCH_PATHS = "$(inherited) @executable_path/Frameworks @loader_path/Frameworks";
				PRODUCT_BUNDLE_IDENTIFIER = ApplauseCode.SheetTests;
				PRODUCT_NAME = "$(TARGET_NAME)";
				SWIFT_VERSION = 4.0;
				TARGETED_DEVICE_FAMILY = "1,2";
				TEST_HOST = "$(BUILT_PRODUCTS_DIR)/Sheet.app/Sheet";
			};
			name = Release;
		};
		CED965471FC5DEA900D00754 /* Debug */ = {
			isa = XCBuildConfiguration;
			buildSettings = {
				ALWAYS_EMBED_SWIFT_STANDARD_LIBRARIES = YES;
				CODE_SIGN_STYLE = Automatic;
				INFOPLIST_FILE = SheetUITests/Info.plist;
				LD_RUNPATH_SEARCH_PATHS = "$(inherited) @executable_path/Frameworks @loader_path/Frameworks";
				PRODUCT_BUNDLE_IDENTIFIER = ApplauseCode.SheetUITests;
				PRODUCT_NAME = "$(TARGET_NAME)";
				SWIFT_VERSION = 4.0;
				TARGETED_DEVICE_FAMILY = "1,2";
				TEST_TARGET_NAME = Sheet;
			};
			name = Debug;
		};
		CED965481FC5DEA900D00754 /* Release */ = {
			isa = XCBuildConfiguration;
			buildSettings = {
				ALWAYS_EMBED_SWIFT_STANDARD_LIBRARIES = YES;
				CODE_SIGN_STYLE = Automatic;
				INFOPLIST_FILE = SheetUITests/Info.plist;
				LD_RUNPATH_SEARCH_PATHS = "$(inherited) @executable_path/Frameworks @loader_path/Frameworks";
				PRODUCT_BUNDLE_IDENTIFIER = ApplauseCode.SheetUITests;
				PRODUCT_NAME = "$(TARGET_NAME)";
				SWIFT_VERSION = 4.0;
				TARGETED_DEVICE_FAMILY = "1,2";
				TEST_TARGET_NAME = Sheet;
			};
			name = Release;
		};
/* End XCBuildConfiguration section */

/* Begin XCConfigurationList section */
		CED965131FC5DEA900D00754 /* Build configuration list for PBXProject "Sheet" */ = {
			isa = XCConfigurationList;
			buildConfigurations = (
				CED9653E1FC5DEA900D00754 /* Debug */,
				CED9653F1FC5DEA900D00754 /* Release */,
			);
			defaultConfigurationIsVisible = 0;
			defaultConfigurationName = Release;
		};
		CED965401FC5DEA900D00754 /* Build configuration list for PBXNativeTarget "Sheet" */ = {
			isa = XCConfigurationList;
			buildConfigurations = (
				CED965411FC5DEA900D00754 /* Debug */,
				CED965421FC5DEA900D00754 /* Release */,
			);
			defaultConfigurationIsVisible = 0;
			defaultConfigurationName = Release;
		};
		CED965431FC5DEA900D00754 /* Build configuration list for PBXNativeTarget "SheetTests" */ = {
			isa = XCConfigurationList;
			buildConfigurations = (
				CED965441FC5DEA900D00754 /* Debug */,
				CED965451FC5DEA900D00754 /* Release */,
			);
			defaultConfigurationIsVisible = 0;
			defaultConfigurationName = Release;
		};
		CED965461FC5DEA900D00754 /* Build configuration list for PBXNativeTarget "SheetUITests" */ = {
			isa = XCConfigurationList;
			buildConfigurations = (
				CED965471FC5DEA900D00754 /* Debug */,
				CED965481FC5DEA900D00754 /* Release */,
			);
			defaultConfigurationIsVisible = 0;
			defaultConfigurationName = Release;
		};
/* End XCConfigurationList section */
	};
	rootObject = CED965101FC5DEA900D00754 /* Project object */;
}
